
Microsoft Visual Studio Solution File, Format Version 12.00
# Visual Studio 14
VisualStudioVersion = 14.0.25420.1
MinimumVisualStudioVersion = 10.0.40219.1
Project("{FAE04EC0-301F-11D3-BF4B-00C04F79EFBC}") = "Api.Automation.Specs", "src\Api.Automation.Specs\Api.Automation.Specs.csproj", "{EAF9EACF-2980-4CFF-B44F-42C913773ACA}"
EndProject
Project("{FAE04EC0-301F-11D3-BF4B-00C04F79EFBC}") = "Api.Automation.Common", "src\Api.Automation.Common\Api.Automation.Common.csproj", "{D5B4F054-ED25-46F7-BAFB-30C020586F20}"
EndProject
Global
	GlobalSection(SolutionConfigurationPlatforms) = preSolution
		Debug|Any CPU = Debug|Any CPU
		Release|Any CPU = Release|Any CPU
	EndGlobalSection
	GlobalSection(ProjectConfigurationPlatforms) = postSolution
		{EAF9EACF-2980-4CFF-B44F-42C913773ACA}.Debug|Any CPU.ActiveCfg = Debug|Any CPU
		{EAF9EACF-2980-4CFF-B44F-42C913773ACA}.Debug|Any CPU.Build.0 = Debug|Any CPU
		{EAF9EACF-2980-4CFF-B44F-42C913773ACA}.Release|Any CPU.ActiveCfg = Release|Any CPU
		{EAF9EACF-2980-4CFF-B44F-42C913773ACA}.Release|Any CPU.Build.0 = Release|Any CPU
		{D5B4F054-ED25-46F7-BAFB-30C020586F20}.Debug|Any CPU.ActiveCfg = Debug|Any CPU
		{D5B4F054-ED25-46F7-BAFB-30C020586F20}.Debug|Any CPU.Build.0 = Debug|Any CPU
		{D5B4F054-ED25-46F7-BAFB-30C020586F20}.Release|Any CPU.ActiveCfg = Release|Any CPU
		{D5B4F054-ED25-46F7-BAFB-30C020586F20}.Release|Any CPU.Build.0 = Release|Any CPU
	EndGlobalSection
	GlobalSection(SolutionProperties) = preSolution
		HideSolutionNode = FALSE
	EndGlobalSection
EndGlobal
